dependencies:
- name: chartmuseum
  repository: https://kubernetes-charts.storage.googleapis.com/
  version: 1.6.0
- name: docker-registry
  repository: https://kubernetes-charts.storage.googleapis.com/
  version: 1.5.0
- name: jenkins
  repository: https://kubernetes-charts.storage.googleapis.com/
  version: 0.16.6
- name: sonatype-nexus
  repository: https://kubernetes-charts.storage.googleapis.com/
  version: 1.5.1
digest: sha256:2c3f597367f9a1de7798e2b5bd27c779e0a105ef824746d3e805ed1031e163a5
generated: 2018-07-18T13:44:11.313660757+09:00
