dependencies:
- name: jenkins
  repository: https://kubernetes-charts.storage.googleapis.com/
  version: 0.14.3
- name: docker-registry
  repository: https://kubernetes-charts.storage.googleapis.com/
  version: 1.1.1
- name: sonatype-nexus
  repository: https://kubernetes-charts.storage.googleapis.com/
  version: 0.2.0
digest: sha256:0ed055fb1bf4459f055c54d4b6ba1dd32d411aed7ad58c62edd0d2cb67caae36
generated: 2018-04-12T00:51:56.796099294+09:00
