dependencies:
- name: docker-registry
  repository: https://kubernetes-charts.storage.googleapis.com/
  version: 1.2.1
- name: jenkins
  repository: https://kubernetes-charts.storage.googleapis.com/
  version: 0.16.0
- name: sonatype-nexus
  repository: https://kubernetes-charts.storage.googleapis.com/
  version: 1.1.1
digest: sha256:a1eee1038562a7a7f267b78b7f7b6621f8cbb51679a28630c7b5813f1876416b
generated: 2018-05-09T15:00:04.1129111+09:00
