dependencies:
- name: jenkins
  repository: https://kubernetes-charts.storage.googleapis.com/
  version: 0.14.4
- name: sonatype-nexus
  repository: https://kubernetes-charts.storage.googleapis.com/
  version: 0.2.0
- name: docker-registry
  repository: https://kubernetes-charts.storage.googleapis.com/
  version: 1.1.1
digest: sha256:90c7163b11976bbb51b4af2bb85ce9ba41205452eae82b4c9c62762a9b3cb816
generated: 2018-04-18T14:45:57.73531856+09:00
